// !$*UTF8*$!
{
	archiveVersion = 1;
	classes = {
	};
	objectVersion = 46;
	objects = {

/* Begin PBXBuildFile section */
		3F27E46E1F9246EC00ACEEB8 /* startViewController.swift in Sources */ = {isa = PBXBuildFile; fileRef = 3F27E46D1F9246EC00ACEEB8 /* startViewController.swift */; };
		3F6A8D711F9A1E5E00FAE145 /* ourViewController.swift in Sources */ = {isa = PBXBuildFile; fileRef = 3F6A8D701F9A1E5E00FAE145 /* ourViewController.swift */; };
		3F81794D1FC7DD7B00255E61 /* GoogleService-Info.plist in Resources */ = {isa = PBXBuildFile; fileRef = 3F81794C1FC7DD7B00255E61 /* GoogleService-Info.plist */; };
		3F90C5D01FF2AAE700E45042 /* infoViewController.swift in Sources */ = {isa = PBXBuildFile; fileRef = 3F90C5CF1FF2AAE700E45042 /* infoViewController.swift */; };
		3FD995951F8A82E500AE615C /* AppDelegate.swift in Sources */ = {isa = PBXBuildFile; fileRef = 3FD995941F8A82E500AE615C /* AppDelegate.swift */; };
		3FD9959A1F8A82E500AE615C /* Main.storyboard in Resources */ = {isa = PBXBuildFile; fileRef = 3FD995981F8A82E500AE615C /* Main.storyboard */; };
		3FD9959C1F8A82E500AE615C /* Assets.xcassets in Resources */ = {isa = PBXBuildFile; fileRef = 3FD9959B1F8A82E500AE615C /* Assets.xcassets */; };
		3FD9959F1F8A82E500AE615C /* LaunchScreen.storyboard in Resources */ = {isa = PBXBuildFile; fileRef = 3FD9959D1F8A82E500AE615C /* LaunchScreen.storyboard */; };
		C336E8EB6DDC6D258628BF63 /* Pods_FOCAGIFO.framework in Frameworks */ = {isa = PBXBuildFile; fileRef = A2BD3920992C056A14AAD158 /* Pods_FOCAGIFO.framework */; };
/* End PBXBuildFile section */

/* Begin PBXFileReference section */
		3F27E46D1F9246EC00ACEEB8 /* startViewController.swift */ = {isa = PBXFileReference; fileEncoding = 4; lastKnownFileType = sourcecode.swift; path = startViewController.swift; sourceTree = "<group>"; };
		3F6A8D701F9A1E5E00FAE145 /* ourViewController.swift */ = {isa = PBXFileReference; fileEncoding = 4; lastKnownFileType = sourcecode.swift; path = ourViewController.swift; sourceTree = "<group>"; };
		3F81794C1FC7DD7B00255E61 /* GoogleService-Info.plist */ = {isa = PBXFileReference; fileEncoding = 4; lastKnownFileType = text.plist.xml; path = "GoogleService-Info.plist"; sourceTree = "<group>"; };
		3F90C5CF1FF2AAE700E45042 /* infoViewController.swift */ = {isa = PBXFileReference; fileEncoding = 4; lastKnownFileType = sourcecode.swift; path = infoViewController.swift; sourceTree = "<group>"; };
		3FD995911F8A82E500AE615C /* FOCAGIFO.app */ = {isa = PBXFileReference; explicitFileType = wrapper.application; includeInIndex = 0; path = FOCAGIFO.app; sourceTree = BUILT_PRODUCTS_DIR; };
		3FD995941F8A82E500AE615C /* AppDelegate.swift */ = {isa = PBXFileReference; lastKnownFileType = sourcecode.swift; path = AppDelegate.swift; sourceTree = "<group>"; };
		3FD995991F8A82E500AE615C /* Base */ = {isa = PBXFileReference; lastKnownFileType = file.storyboard; name = Base; path = Base.lproj/Main.storyboard; sourceTree = "<group>"; };
		3FD9959B1F8A82E500AE615C /* Assets.xcassets */ = {isa = PBXFileReference; lastKnownFileType = folder.assetcatalog; path = Assets.xcassets; sourceTree = "<group>"; };
		3FD9959E1F8A82E500AE615C /* Base */ = {isa = PBXFileReference; lastKnownFileType = file.storyboard; name = Base; path = Base.lproj/LaunchScreen.storyboard; sourceTree = "<group>"; };
		3FD995A01F8A82E500AE615C /* Info.plist */ = {isa = PBXFileReference; lastKnownFileType = text.plist.xml; path = Info.plist; sourceTree = "<group>"; };
		907568D019C22D23607D80E5 /* Pods-FOCAGIFO.release.xcconfig */ = {isa = PBXFileReference; includeInIndex = 1; lastKnownFileType = text.xcconfig; name = "Pods-FOCAGIFO.release.xcconfig"; path = "Pods/Target Support Files/Pods-FOCAGIFO/Pods-FOCAGIFO.release.xcconfig"; sourceTree = "<group>"; };
		9A9EA3796985ED56F760B192 /* Pods-FOCAGIFO.debug.xcconfig */ = {isa = PBXFileReference; includeInIndex = 1; lastKnownFileType = text.xcconfig; name = "Pods-FOCAGIFO.debug.xcconfig"; path = "Pods/Target Support Files/Pods-FOCAGIFO/Pods-FOCAGIFO.debug.xcconfig"; sourceTree = "<group>"; };
		A2BD3920992C056A14AAD158 /* Pods_FOCAGIFO.framework */ = {isa = PBXFileReference; explicitFileType = wrapper.framework; includeInIndex = 0; path = Pods_FOCAGIFO.framework; sourceTree = BUILT_PRODUCTS_DIR; };
/* End PBXFileReference section */

/* Begin PBXFrameworksBuildPhase section */
		3FD9958E1F8A82E500AE615C /* Frameworks */ = {
			isa = PBXFrameworksBuildPhase;
			buildActionMask = 2147483647;
			files = (
				C336E8EB6DDC6D258628BF63 /* Pods_FOCAGIFO.framework in Frameworks */,
			);
			runOnlyForDeploymentPostprocessing = 0;
		};
/* End PBXFrameworksBuildPhase section */

/* Begin PBXGroup section */
		2F9F0B7E884AAC6EB174244C /* Pods */ = {
			isa = PBXGroup;
			children = (
				9A9EA3796985ED56F760B192 /* Pods-FOCAGIFO.debug.xcconfig */,
				907568D019C22D23607D80E5 /* Pods-FOCAGIFO.release.xcconfig */,
			);
			name = Pods;
			sourceTree = "<group>";
		};
		3FD995881F8A82E400AE615C = {
			isa = PBXGroup;
			children = (
				3FD995931F8A82E500AE615C /* FOCAGIFO */,
				3FD995921F8A82E500AE615C /* Products */,
				2F9F0B7E884AAC6EB174244C /* Pods */,
				5F0A26B92CA2BC4B36260671 /* Frameworks */,
			);
			sourceTree = "<group>";
		};
		3FD995921F8A82E500AE615C /* Products */ = {
			isa = PBXGroup;
			children = (
				3FD995911F8A82E500AE615C /* FOCAGIFO.app */,
			);
			name = Products;
			sourceTree = "<group>";
		};
		3FD995931F8A82E500AE615C /* FOCAGIFO */ = {
			isa = PBXGroup;
			children = (
				3FD995941F8A82E500AE615C /* AppDelegate.swift */,
				3F27E46D1F9246EC00ACEEB8 /* startViewController.swift */,
				3F6A8D701F9A1E5E00FAE145 /* ourViewController.swift */,
				3FD995981F8A82E500AE615C /* Main.storyboard */,
				3F90C5CF1FF2AAE700E45042 /* infoViewController.swift */,
				3FD9959B1F8A82E500AE615C /* Assets.xcassets */,
				3FD9959D1F8A82E500AE615C /* LaunchScreen.storyboard */,
				3FD995A01F8A82E500AE615C /* Info.plist */,
				3F81794C1FC7DD7B00255E61 /* GoogleService-Info.plist */,
			);
			path = FOCAGIFO;
			sourceTree = "<group>";
		};
		5F0A26B92CA2BC4B36260671 /* Frameworks */ = {
			isa = PBXGroup;
			children = (
				A2BD3920992C056A14AAD158 /* Pods_FOCAGIFO.framework */,
			);
			name = Frameworks;
			sourceTree = "<group>";
		};
/* End PBXGroup section */

/* Begin PBXNativeTarget section */
		3FD995901F8A82E500AE615C /* FOCAGIFO */ = {
			isa = PBXNativeTarget;
			buildConfigurationList = 3FD995A31F8A82E500AE615C /* Build configuration list for PBXNativeTarget "FOCAGIFO" */;
			buildPhases = (
				720341DC0CF7A57FB252C6A7 /* [CP] Check Pods Manifest.lock */,
				3FD9958D1F8A82E500AE615C /* Sources */,
				3FD9958E1F8A82E500AE615C /* Frameworks */,
				3FD9958F1F8A82E500AE615C /* Resources */,
				0E6F5D8C7A38092049D3CB12 /* [CP] Embed Pods Frameworks */,
				51E0E59A6DFD5C8AD7DF91DF /* [CP] Copy Pods Resources */,
			);
			buildRules = (
			);
			dependencies = (
			);
			name = FOCAGIFO;
			productName = FOCAGIFO;
			productReference = 3FD995911F8A82E500AE615C /* FOCAGIFO.app */;
			productType = "com.apple.product-type.application";
		};
/* End PBXNativeTarget section */

/* Begin PBXProject section */
		3FD995891F8A82E400AE615C /* Project object */ = {
			isa = PBXProject;
			attributes = {
				LastSwiftUpdateCheck = 0830;
				LastUpgradeCheck = 0920;
				ORGANIZATIONNAME = "Philip George";
				TargetAttributes = {
					3FD995901F8A82E500AE615C = {
						CreatedOnToolsVersion = 8.3.3;
						DevelopmentTeam = 7P7427A8BE;
						ProvisioningStyle = Automatic;
					};
				};
			};
			buildConfigurationList = 3FD9958C1F8A82E400AE615C /* Build configuration list for PBXProject "FOCAGIFO" */;
			compatibilityVersion = "Xcode 3.2";
			developmentRegion = English;
			hasScannedForEncodings = 0;
			knownRegions = (
				en,
				Base,
			);
			mainGroup = 3FD995881F8A82E400AE615C;
			productRefGroup = 3FD995921F8A82E500AE615C /* Products */;
			projectDirPath = "";
			projectRoot = "";
			targets = (
				3FD995901F8A82E500AE615C /* FOCAGIFO */,
			);
		};
/* End PBXProject section */

/* Begin PBXResourcesBuildPhase section */
		3FD9958F1F8A82E500AE615C /* Resources */ = {
			isa = PBXResourcesBuildPhase;
			buildActionMask = 2147483647;
			files = (
				3FD9959F1F8A82E500AE615C /* LaunchScreen.storyboard in Resources */,
				3F81794D1FC7DD7B00255E61 /* GoogleService-Info.plist in Resources */,
				3FD9959C1F8A82E500AE615C /* Assets.xcassets in Resources */,
				3FD9959A1F8A82E500AE615C /* Main.storyboard in Resources */,
			);
			runOnlyForDeploymentPostprocessing = 0;
		};
/* End PBXResourcesBuildPhase section */

/* Begin PBXShellScriptBuildPhase section */
		0E6F5D8C7A38092049D3CB12 /* [CP] Embed Pods Frameworks */ = {
			isa = PBXShellScriptBuildPhase;
			buildActionMask = 2147483647;
			files = (
			);
			inputPaths = (
			);
			name = "[CP] Embed Pods Frameworks";
			outputPaths = (
			);
			runOnlyForDeploymentPostprocessing = 0;
			shellPath = /bin/sh;
			shellScript = "\"${SRCROOT}/Pods/Target Support Files/Pods-FOCAGIFO/Pods-FOCAGIFO-frameworks.sh\"\n";
			showEnvVarsInLog = 0;
		};
		51E0E59A6DFD5C8AD7DF91DF /* [CP] Copy Pods Resources */ = {
			isa = PBXShellScriptBuildPhase;
			buildActionMask = 2147483647;
			files = (
			);
			inputPaths = (
			);
			name = "[CP] Copy Pods Resources";
			outputPaths = (
			);
			runOnlyForDeploymentPostprocessing = 0;
			shellPath = /bin/sh;
			shellScript = "\"${SRCROOT}/Pods/Target Support Files/Pods-FOCAGIFO/Pods-FOCAGIFO-resources.sh\"\n";
			showEnvVarsInLog = 0;
		};
		720341DC0CF7A57FB252C6A7 /* [CP] Check Pods Manifest.lock */ = {
			isa = PBXShellScriptBuildPhase;
			buildActionMask = 2147483647;
			files = (
			);
			inputPaths = (
			);
			name = "[CP] Check Pods Manifest.lock";
			outputPaths = (
			);
			runOnlyForDeploymentPostprocessing = 0;
			shellPath = /bin/sh;
			shellScript = "diff \"${PODS_ROOT}/../Podfile.lock\" \"${PODS_ROOT}/Manifest.lock\" > /dev/null\nif [ $? != 0 ] ; then\n    # print error to STDERR\n    echo \"error: The sandbox is not in sync with the Podfile.lock. Run 'pod install' or update your CocoaPods installation.\" >&2\n    exit 1\nfi\n";
			showEnvVarsInLog = 0;
		};
/* End PBXShellScriptBuildPhase section */

/* Begin PBXSourcesBuildPhase section */
		3FD9958D1F8A82E500AE615C /* Sources */ = {
			isa = PBXSourcesBuildPhase;
			buildActionMask = 2147483647;
			files = (
				3F27E46E1F9246EC00ACEEB8 /* startViewController.swift in Sources */,
				3FD995951F8A82E500AE615C /* AppDelegate.swift in Sources */,
				3F90C5D01FF2AAE700E45042 /* infoViewController.swift in Sources */,
				3F6A8D711F9A1E5E00FAE145 /* ourViewController.swift in Sources */,
			);
			runOnlyForDeploymentPostprocessing = 0;
		};
/* End PBXSourcesBuildPhase section */

/* Begin PBXVariantGroup section */
		3FD995981F8A82E500AE615C /* Main.storyboard */ = {
			isa = PBXVariantGroup;
			children = (
				3FD995991F8A82E500AE615C /* Base */,
			);
			name = Main.storyboard;
			sourceTree = "<group>";
		};
		3FD9959D1F8A82E500AE615C /* LaunchScreen.storyboard */ = {
			isa = PBXVariantGroup;
			children = (
				3FD9959E1F8A82E500AE615C /* Base */,
			);
			name = LaunchScreen.storyboard;
			sourceTree = "<group>";
		};
/* End PBXVariantGroup section */

/* Begin XCBuildConfiguration section */
		3FD995A11F8A82E500AE615C /* Debug */ = {
			isa = XCBuildConfiguration;
			buildSettings = {
				ALWAYS_SEARCH_USER_PATHS = NO;
				CLANG_ANALYZER_NONNULL = YES;
				CLANG_ANALYZER_NUMBER_OBJECT_CONVERSION = YES_AGGRESSIVE;
				CLANG_CXX_LANGUAGE_STANDARD = "gnu++0x";
				CLANG_CXX_LIBRARY = "libc++";
				CLANG_ENABLE_MODULES = YES;
				CLANG_ENABLE_OBJC_ARC = YES;
				CLANG_WARN_BLOCK_CAPTURE_AUTORELEASING = YES;
				CLANG_WARN_BOOL_CONVERSION = YES;
				CLANG_WARN_COMMA = YES;
				CLANG_WARN_CONSTANT_CONVERSION = YES;
				CLANG_WARN_DIRECT_OBJC_ISA_USAGE = YES_ERROR;
				CLANG_WARN_DOCUMENTATION_COMMENTS = YES;
				CLANG_WARN_EMPTY_BODY = YES;
				CLANG_WARN_ENUM_CONVERSION = YES;
				CLANG_WARN_INFINITE_RECURSION = YES;
				CLANG_WARN_INT_CONVERSION = YES;
				CLANG_WARN_NON_LITERAL_NULL_CONVERSION = YES;
				CLANG_WARN_OBJC_LITERAL_CONVERSION = YES;
				CLANG_WARN_OBJC_ROOT_CLASS = YES_ERROR;
				CLANG_WARN_RANGE_LOOP_ANALYSIS = YES;
				CLANG_WARN_STRICT_PROTOTYPES = YES;
				CLANG_WARN_SUSPICIOUS_MOVE = YES;
				CLANG_WARN_UNREACHABLE_CODE = YES;
				CLANG_WARN__DUPLICATE_METHOD_MATCH = YES;
				"CODE_SIGN_IDENTITY[sdk=iphoneos*]" = "iPhone Developer";
				COPY_PHASE_STRIP = NO;
				DEBUG_INFORMATION_FORMAT = dwarf;
				ENABLE_STRICT_OBJC_MSGSEND = YES;
				ENABLE_TESTABILITY = YES;
				GCC_C_LANGUAGE_STANDARD = gnu99;
				GCC_DYNAMIC_NO_PIC = NO;
				GCC_NO_COMMON_BLOCKS = YES;
				GCC_OPTIMIZATION_LEVEL = 0;
				GCC_PREPROCESSOR_DEFINITIONS = (
					"DEBUG=1",
					"$(inherited)",
				);
				GCC_WARN_64_TO_32_BIT_CONVERSION = YES;
				GCC_WARN_ABOUT_RETURN_TYPE = YES_ERROR;
				GCC_WARN_UNDECLARED_SELECTOR = YES;
				GCC_WARN_UNINITIALIZED_AUTOS = YES_AGGRESSIVE;
				GCC_WARN_UNUSED_FUNCTION = YES;
				GCC_WARN_UNUSED_VARIABLE = YES;
				IPHONEOS_DEPLOYMENT_TARGET = 8.0;
				MTL_ENABLE_DEBUG_INFO = YES;
				ONLY_ACTIVE_ARCH = YES;
				SDKROOT = iphoneos;
				SWIFT_ACTIVE_COMPILATION_CONDITIONS = DEBUG;
				SWIFT_OPTIMIZATION_LEVEL = "-Onone";
				TARGETED_DEVICE_FAMILY = "1,2";
			};
			name = Debug;
		};
		3FD995A21F8A82E500AE615C /* Release */ = {
			isa = XCBuildConfiguration;
			buildSettings = {
				ALWAYS_SEARCH_USER_PATHS = NO;
				CLANG_ANALYZER_NONNULL = YES;
				CLANG_ANALYZER_NUMBER_OBJECT_CONVERSION = YES_AGGRESSIVE;
				CLANG_CXX_LANGUAGE_STANDARD = "gnu++0x";
				CLANG_CXX_LIBRARY = "libc++";
				CLANG_ENABLE_MODULES = YES;
				CLANG_ENABLE_OBJC_ARC = YES;
				CLANG_WARN_BLOCK_CAPTURE_AUTORELEASING = YES;
				CLANG_WARN_BOOL_CONVERSION = YES;
				CLANG_WARN_COMMA = YES;
				CLANG_WARN_CONSTANT_CONVERSION = YES;
				CLANG_WARN_DIRECT_OBJC_ISA_USAGE = YES_ERROR;
				CLANG_WARN_DOCUMENTATION_COMMENTS = YES;
				CLANG_WARN_EMPTY_BODY = YES;
				CLANG_WARN_ENUM_CONVERSION = YES;
				CLANG_WARN_INFINITE_RECURSION = YES;
				CLANG_WARN_INT_CONVERSION = YES;
				CLANG_WARN_NON_LITERAL_NULL_CONVERSION = YES;
				CLANG_WARN_OBJC_LITERAL_CONVERSION = YES;
				CLANG_WARN_OBJC_ROOT_CLASS = YES_ERROR;
				CLANG_WARN_RANGE_LOOP_ANALYSIS = YES;
				CLANG_WARN_STRICT_PROTOTYPES = YES;
				CLANG_WARN_SUSPICIOUS_MOVE = YES;
				CLANG_WARN_UNREACHABLE_CODE = YES;
				CLANG_WARN__DUPLICATE_METHOD_MATCH = YES;
				"CODE_SIGN_IDENTITY[sdk=iphoneos*]" = "iPhone Developer";
				COPY_PHASE_STRIP = NO;
				DEBUG_INFORMATION_FORMAT = "dwarf-with-dsym";
				ENABLE_NS_ASSERTIONS = NO;
				ENABLE_STRICT_OBJC_MSGSEND = YES;
				GCC_C_LANGUAGE_STANDARD = gnu99;
				GCC_NO_COMMON_BLOCKS = YES;
				GCC_WARN_64_TO_32_BIT_CONVERSION = YES;
				GCC_WARN_ABOUT_RETURN_TYPE = YES_ERROR;
				GCC_WARN_UNDECLARED_SELECTOR = YES;
				GCC_WARN_UNINITIALIZED_AUTOS = YES_AGGRESSIVE;
				GCC_WARN_UNUSED_FUNCTION = YES;
				GCC_WARN_UNUSED_VARIABLE = YES;
				IPHONEOS_DEPLOYMENT_TARGET = 8.0;
				MTL_ENABLE_DEBUG_INFO = NO;
				SDKROOT = iphoneos;
				SWIFT_OPTIMIZATION_LEVEL = "-Owholemodule";
				TARGETED_DEVICE_FAMILY = "1,2";
				VALIDATE_PRODUCT = YES;
			};
			name = Release;
		};
		3FD995A41F8A82E500AE615C /* Debug */ = {
			isa = XCBuildConfiguration;
			baseConfigurationReference = 9A9EA3796985ED56F760B192 /* Pods-FOCAGIFO.debug.xcconfig */;
			buildSettings = {
				ALWAYS_EMBED_SWIFT_STANDARD_LIBRARIES = YES;
				ASSETCATALOG_COMPILER_APPICON_NAME = AppIcon;
				DEVELOPMENT_TEAM = 7P7427A8BE;
				ENABLE_BITCODE = NO;
				INFOPLIST_FILE = FOCAGIFO/Info.plist;
				IPHONEOS_DEPLOYMENT_TARGET = 8.0;
				LD_RUNPATH_SEARCH_PATHS = "$(inherited) @executable_path/Frameworks";
				PRODUCT_BUNDLE_IDENTIFIER = Philip.FOCAGIFO;
				PRODUCT_NAME = "$(TARGET_NAME)";
				SWIFT_VERSION = 3.0;
				TARGETED_DEVICE_FAMILY = 1;
			};
			name = Debug;
		};
		3FD995A51F8A82E500AE615C /* Release */ = {
			isa = XCBuildConfiguration;
			baseConfigurationReference = 907568D019C22D23607D80E5 /* Pods-FOCAGIFO.release.xcconfig */;
			buildSettings = {
				ALWAYS_EMBED_SWIFT_STANDARD_LIBRARIES = YES;
				ASSETCATALOG_COMPILER_APPICON_NAME = AppIcon;
				DEVELOPMENT_TEAM = 7P7427A8BE;
				ENABLE_BITCODE = NO;
				INFOPLIST_FILE = FOCAGIFO/Info.plist;
				IPHONEOS_DEPLOYMENT_TARGET = 8.0;
				LD_RUNPATH_SEARCH_PATHS = "$(inherited) @executable_path/Frameworks";
				PRODUCT_BUNDLE_IDENTIFIER = Philip.FOCAGIFO;
				PRODUCT_NAME = "$(TARGET_NAME)";
				SWIFT_VERSION = 3.0;
				TARGETED_DEVICE_FAMILY = 1;
			};
			name = Release;
		};
/* End XCBuildConfiguration section */

/* Begin XCConfigurationList section */
		3FD9958C1F8A82E400AE615C /* Build configuration list for PBXProject "FOCAGIFO" */ = {
			isa = XCConfigurationList;
			buildConfigurations = (
				3FD995A11F8A82E500AE615C /* Debug */,
				3FD995A21F8A82E500AE615C /* Release */,
			);
			defaultConfigurationIsVisible = 0;
			defaultConfigurationName = Release;
		};
		3FD995A31F8A82E500AE615C /* Build configuration list for PBXNativeTarget "FOCAGIFO" */ = {
			isa = XCConfigurationList;
			buildConfigurations = (
				3FD995A41F8A82E500AE615C /* Debug */,
				3FD995A51F8A82E500AE615C /* Release */,
			);
			defaultConfigurationIsVisible = 0;
			defaultConfigurationName = Release;
		};
/* End XCConfigurationList section */
	};
	rootObject = 3FD995891F8A82E400AE615C /* Project object */;
}
